
Microsoft Visual Studio Solution File, Format Version 12.00
# Visual Studio Version 17
VisualStudioVersion = 17.2.32526.322
MinimumVisualStudioVersion = 10.0.40219.1
Project("{9A19103F-16F7-4668-BE54-9A1E7A4F7556}") = "CreateChar", "CreateChar\CreateChar.csproj", "{E89F62C4-03CF-478E-B9AB-FA57EBB4BBF5}"
EndProject
Project("{FAE04EC0-301F-11D3-BF4B-00C04F79EFBC}") = "CreateCharWpf", "CreateCharWpf\CreateCharWpf.csproj", "{6AA26A38-C928-47D6-94E5-56EF1D5B4E75}"
EndProject
Global
	GlobalSection(SolutionConfigurationPlatforms) = preSolution
		Debug|Any CPU = Debug|Any CPU
		Release|Any CPU = Release|Any CPU
	EndGlobalSection
	GlobalSection(ProjectConfigurationPlatforms) = postSolution
		{E89F62C4-03CF-478E-B9AB-FA57EBB4BBF5}.Debug|Any CPU.ActiveCfg = Debug|Any CPU
		{E89F62C4-03CF-478E-B9AB-FA57EBB4BBF5}.Debug|Any CPU.Build.0 = Debug|Any CPU
		{E89F62C4-03CF-478E-B9AB-FA57EBB4BBF5}.Release|Any CPU.ActiveCfg = Release|Any CPU
		{E89F62C4-03CF-478E-B9AB-FA57EBB4BBF5}.Release|Any CPU.Build.0 = Release|Any CPU
		{6AA26A38-C928-47D6-94E5-56EF1D5B4E75}.Debug|Any CPU.ActiveCfg = Debug|Any CPU
		{6AA26A38-C928-47D6-94E5-56EF1D5B4E75}.Debug|Any CPU.Build.0 = Debug|Any CPU
		{6AA26A38-C928-47D6-94E5-56EF1D5B4E75}.Release|Any CPU.ActiveCfg = Release|Any CPU
		{6AA26A38-C928-47D6-94E5-56EF1D5B4E75}.Release|Any CPU.Build.0 = Release|Any CPU
	EndGlobalSection
	GlobalSection(SolutionProperties) = preSolution
		HideSolutionNode = FALSE
	EndGlobalSection
	GlobalSection(ExtensibilityGlobals) = postSolution
		SolutionGuid = {94103DC1-3301-42A8-A477-60F276B0390F}
	EndGlobalSection
EndGlobal
